
Microsoft Visual Studio Solution File, Format Version 12.00
# Visual Studio Version 17
VisualStudioVersion = 17.12.35527.113 d17.12
MinimumVisualStudioVersion = 10.0.40219.1
Project("{FAE04EC0-301F-11D3-BF4B-00C04F79EFBC}") = "Laba1", "Laba1\Laba1.csproj", "{43C3B0CE-6BB6-4B33-A641-4835005AF4F8}"
EndProject
Project("{FAE04EC0-301F-11D3-BF4B-00C04F79EFBC}") = "TestProjectForLaba1", "TestProjectForLaba1\TestProjectForLaba1.csproj", "{1C15B8ED-5613-4860-A869-53E9379B610E}"
EndProject
Global
	GlobalSection(SolutionConfigurationPlatforms) = preSolution
		Debug|Any CPU = Debug|Any CPU
		Release|Any CPU = Release|Any CPU
	EndGlobalSection
	GlobalSection(ProjectConfigurationPlatforms) = postSolution
		{43C3B0CE-6BB6-4B33-A641-4835005AF4F8}.Debug|Any CPU.ActiveCfg = Debug|Any CPU
		{43C3B0CE-6BB6-4B33-A641-4835005AF4F8}.Debug|Any CPU.Build.0 = Debug|Any CPU
		{43C3B0CE-6BB6-4B33-A641-4835005AF4F8}.Release|Any CPU.ActiveCfg = Release|Any CPU
		{43C3B0CE-6BB6-4B33-A641-4835005AF4F8}.Release|Any CPU.Build.0 = Release|Any CPU
		{1C15B8ED-5613-4860-A869-53E9379B610E}.Debug|Any CPU.ActiveCfg = Debug|Any CPU
		{1C15B8ED-5613-4860-A869-53E9379B610E}.Debug|Any CPU.Build.0 = Debug|Any CPU
		{1C15B8ED-5613-4860-A869-53E9379B610E}.Release|Any CPU.ActiveCfg = Release|Any CPU
		{1C15B8ED-5613-4860-A869-53E9379B610E}.Release|Any CPU.Build.0 = Release|Any CPU
	EndGlobalSection
	GlobalSection(SolutionProperties) = preSolution
		HideSolutionNode = FALSE
	EndGlobalSection
EndGlobal
